// !$*UTF8*$!
{
	archiveVersion = 1;
	classes = {
	};
	objectVersion = 50;
	objects = {

/* Begin PBXBuildFile section */
		5241F60B2263D37500DEF5EB /* AppDelegate.swift in Sources */ = {isa = PBXBuildFile; fileRef = 5241F60A2263D37500DEF5EB /* AppDelegate.swift */; };
		5241F60D2263D37500DEF5EB /* ViewController.swift in Sources */ = {isa = PBXBuildFile; fileRef = 5241F60C2263D37500DEF5EB /* ViewController.swift */; };
		5241F6102263D37500DEF5EB /* Main.storyboard in Resources */ = {isa = PBXBuildFile; fileRef = 5241F60E2263D37500DEF5EB /* Main.storyboard */; };
		5241F6122263D37600DEF5EB /* Assets.xcassets in Resources */ = {isa = PBXBuildFile; fileRef = 5241F6112263D37600DEF5EB /* Assets.xcassets */; };
		5241F6152263D37600DEF5EB /* LaunchScreen.storyboard in Resources */ = {isa = PBXBuildFile; fileRef = 5241F6132263D37600DEF5EB /* LaunchScreen.storyboard */; };
		5241F6202263D37600DEF5EB /* XcodeServerSampleTests.swift in Sources */ = {isa = PBXBuildFile; fileRef = 5241F61F2263D37600DEF5EB /* XcodeServerSampleTests.swift */; };
		5241F62B2263D37600DEF5EB /* XcodeServerSampleUITests.swift in Sources */ = {isa = PBXBuildFile; fileRef = 5241F62A2263D37600DEF5EB /* XcodeServerSampleUITests.swift */; };
/* End PBXBuildFile section */

/* Begin PBXContainerItemProxy section */
		5241F61C2263D37600DEF5EB /* PBXContainerItemProxy */ = {
			isa = PBXContainerItemProxy;
			containerPortal = 5241F5FF2263D37500DEF5EB /* Project object */;
			proxyType = 1;
			remoteGlobalIDString = 5241F6062263D37500DEF5EB;
			remoteInfo = XcodeServerSample;
		};
		5241F6272263D37600DEF5EB /* PBXContainerItemProxy */ = {
			isa = PBXContainerItemProxy;
			containerPortal = 5241F5FF2263D37500DEF5EB /* Project object */;
			proxyType = 1;
			remoteGlobalIDString = 5241F6062263D37500DEF5EB;
			remoteInfo = XcodeServerSample;
		};
/* End PBXContainerItemProxy section */

/* Begin PBXFileReference section */
		5241F6072263D37500DEF5EB /* XcodeServerSample.app */ = {isa = PBXFileReference; explicitFileType = wrapper.application; includeInIndex = 0; path = XcodeServerSample.app; sourceTree = BUILT_PRODUCTS_DIR; };
		5241F60A2263D37500DEF5EB /* AppDelegate.swift */ = {isa = PBXFileReference; lastKnownFileType = sourcecode.swift; path = AppDelegate.swift; sourceTree = "<group>"; };
		5241F60C2263D37500DEF5EB /* ViewController.swift */ = {isa = PBXFileReference; lastKnownFileType = sourcecode.swift; path = ViewController.swift; sourceTree = "<group>"; };
		5241F60F2263D37500DEF5EB /* Base */ = {isa = PBXFileReference; lastKnownFileType = file.storyboard; name = Base; path = Base.lproj/Main.storyboard; sourceTree = "<group>"; };
		5241F6112263D37600DEF5EB /* Assets.xcassets */ = {isa = PBXFileReference; lastKnownFileType = folder.assetcatalog; path = Assets.xcassets; sourceTree = "<group>"; };
		5241F6142263D37600DEF5EB /* Base */ = {isa = PBXFileReference; lastKnownFileType = file.storyboard; name = Base; path = Base.lproj/LaunchScreen.storyboard; sourceTree = "<group>"; };
		5241F6162263D37600DEF5EB /* Info.plist */ = {isa = PBXFileReference; lastKnownFileType = text.plist.xml; path = Info.plist; sourceTree = "<group>"; };
		5241F61B2263D37600DEF5EB /* XcodeServerSampleTests.xctest */ = {isa = PBXFileReference; explicitFileType = wrapper.cfbundle; includeInIndex = 0; path = XcodeServerSampleTests.xctest; sourceTree = BUILT_PRODUCTS_DIR; };
		5241F61F2263D37600DEF5EB /* XcodeServerSampleTests.swift */ = {isa = PBXFileReference; lastKnownFileType = sourcecode.swift; path = XcodeServerSampleTests.swift; sourceTree = "<group>"; };
		5241F6212263D37600DEF5EB /* Info.plist */ = {isa = PBXFileReference; lastKnownFileType = text.plist.xml; path = Info.plist; sourceTree = "<group>"; };
		5241F6262263D37600DEF5EB /* XcodeServerSampleUITests.xctest */ = {isa = PBXFileReference; explicitFileType = wrapper.cfbundle; includeInIndex = 0; path = XcodeServerSampleUITests.xctest; sourceTree = BUILT_PRODUCTS_DIR; };
		5241F62A2263D37600DEF5EB /* XcodeServerSampleUITests.swift */ = {isa = PBXFileReference; lastKnownFileType = sourcecode.swift; path = XcodeServerSampleUITests.swift; sourceTree = "<group>"; };
		5241F62C2263D37600DEF5EB /* Info.plist */ = {isa = PBXFileReference; lastKnownFileType = text.plist.xml; path = Info.plist; sourceTree = "<group>"; };
/* End PBXFileReference section */

/* Begin PBXFrameworksBuildPhase section */
		5241F6042263D37500DEF5EB /* Frameworks */ = {
			isa = PBXFrameworksBuildPhase;
			buildActionMask = 2147483647;
			files = (
			);
			runOnlyForDeploymentPostprocessing = 0;
		};
		5241F6182263D37600DEF5EB /* Frameworks */ = {
			isa = PBXFrameworksBuildPhase;
			buildActionMask = 2147483647;
			files = (
			);
			runOnlyForDeploymentPostprocessing = 0;
		};
		5241F6232263D37600DEF5EB /* Frameworks */ = {
			isa = PBXFrameworksBuildPhase;
			buildActionMask = 2147483647;
			files = (
			);
			runOnlyForDeploymentPostprocessing = 0;
		};
/* End PBXFrameworksBuildPhase section */

/* Begin PBXGroup section */
		5241F5FE2263D37500DEF5EB = {
			isa = PBXGroup;
			children = (
				5241F6092263D37500DEF5EB /* XcodeServerSample */,
				5241F61E2263D37600DEF5EB /* XcodeServerSampleTests */,
				5241F6292263D37600DEF5EB /* XcodeServerSampleUITests */,
				5241F6082263D37500DEF5EB /* Products */,
			);
			sourceTree = "<group>";
		};
		5241F6082263D37500DEF5EB /* Products */ = {
			isa = PBXGroup;
			children = (
				5241F6072263D37500DEF5EB /* XcodeServerSample.app */,
				5241F61B2263D37600DEF5EB /* XcodeServerSampleTests.xctest */,
				5241F6262263D37600DEF5EB /* XcodeServerSampleUITests.xctest */,
			);
			name = Products;
			sourceTree = "<group>";
		};
		5241F6092263D37500DEF5EB /* XcodeServerSample */ = {
			isa = PBXGroup;
			children = (
				5241F60A2263D37500DEF5EB /* AppDelegate.swift */,
				5241F60C2263D37500DEF5EB /* ViewController.swift */,
				5241F60E2263D37500DEF5EB /* Main.storyboard */,
				5241F6112263D37600DEF5EB /* Assets.xcassets */,
				5241F6132263D37600DEF5EB /* LaunchScreen.storyboard */,
				5241F6162263D37600DEF5EB /* Info.plist */,
			);
			path = XcodeServerSample;
			sourceTree = "<group>";
		};
		5241F61E2263D37600DEF5EB /* XcodeServerSampleTests */ = {
			isa = PBXGroup;
			children = (
				5241F61F2263D37600DEF5EB /* XcodeServerSampleTests.swift */,
				5241F6212263D37600DEF5EB /* Info.plist */,
			);
			path = XcodeServerSampleTests;
			sourceTree = "<group>";
		};
		5241F6292263D37600DEF5EB /* XcodeServerSampleUITests */ = {
			isa = PBXGroup;
			children = (
				5241F62A2263D37600DEF5EB /* XcodeServerSampleUITests.swift */,
				5241F62C2263D37600DEF5EB /* Info.plist */,
			);
			path = XcodeServerSampleUITests;
			sourceTree = "<group>";
		};
/* End PBXGroup section */

/* Begin PBXNativeTarget section */
		5241F6062263D37500DEF5EB /* XcodeServerSample */ = {
			isa = PBXNativeTarget;
			buildConfigurationList = 5241F62F2263D37600DEF5EB /* Build configuration list for PBXNativeTarget "XcodeServerSample" */;
			buildPhases = (
				5241F6032263D37500DEF5EB /* Sources */,
				5241F6042263D37500DEF5EB /* Frameworks */,
				5241F6052263D37500DEF5EB /* Resources */,
			);
			buildRules = (
			);
			dependencies = (
			);
			name = XcodeServerSample;
			productName = XcodeServerSample;
			productReference = 5241F6072263D37500DEF5EB /* XcodeServerSample.app */;
			productType = "com.apple.product-type.application";
		};
		5241F61A2263D37600DEF5EB /* XcodeServerSampleTests */ = {
			isa = PBXNativeTarget;
			buildConfigurationList = 5241F6322263D37600DEF5EB /* Build configuration list for PBXNativeTarget "XcodeServerSampleTests" */;
			buildPhases = (
				5241F6172263D37600DEF5EB /* Sources */,
				5241F6182263D37600DEF5EB /* Frameworks */,
				5241F6192263D37600DEF5EB /* Resources */,
			);
			buildRules = (
			);
			dependencies = (
				5241F61D2263D37600DEF5EB /* PBXTargetDependency */,
			);
			name = XcodeServerSampleTests;
			productName = XcodeServerSampleTests;
			productReference = 5241F61B2263D37600DEF5EB /* XcodeServerSampleTests.xctest */;
			productType = "com.apple.product-type.bundle.unit-test";
		};
		5241F6252263D37600DEF5EB /* XcodeServerSampleUITests */ = {
			isa = PBXNativeTarget;
			buildConfigurationList = 5241F6352263D37600DEF5EB /* Build configuration list for PBXNativeTarget "XcodeServerSampleUITests" */;
			buildPhases = (
				5241F6222263D37600DEF5EB /* Sources */,
				5241F6232263D37600DEF5EB /* Frameworks */,
				5241F6242263D37600DEF5EB /* Resources */,
			);
			buildRules = (
			);
			dependencies = (
				5241F6282263D37600DEF5EB /* PBXTargetDependency */,
			);
			name = XcodeServerSampleUITests;
			productName = XcodeServerSampleUITests;
			productReference = 5241F6262263D37600DEF5EB /* XcodeServerSampleUITests.xctest */;
			productType = "com.apple.product-type.bundle.ui-testing";
		};
/* End PBXNativeTarget section */

/* Begin PBXProject section */
		5241F5FF2263D37500DEF5EB /* Project object */ = {
			isa = PBXProject;
			attributes = {
				LastSwiftUpdateCheck = 1020;
				LastUpgradeCheck = 1020;
				ORGANIZATIONNAME = satya;
				TargetAttributes = {
					5241F6062263D37500DEF5EB = {
						CreatedOnToolsVersion = 10.2;
					};
					5241F61A2263D37600DEF5EB = {
						CreatedOnToolsVersion = 10.2;
						TestTargetID = 5241F6062263D37500DEF5EB;
					};
					5241F6252263D37600DEF5EB = {
						CreatedOnToolsVersion = 10.2;
						TestTargetID = 5241F6062263D37500DEF5EB;
					};
				};
			};
			buildConfigurationList = 5241F6022263D37500DEF5EB /* Build configuration list for PBXProject "XcodeServerSample" */;
			compatibilityVersion = "Xcode 9.3";
			developmentRegion = en;
			hasScannedForEncodings = 0;
			knownRegions = (
				en,
				Base,
			);
			mainGroup = 5241F5FE2263D37500DEF5EB;
			productRefGroup = 5241F6082263D37500DEF5EB /* Products */;
			projectDirPath = "";
			projectRoot = "";
			targets = (
				5241F6062263D37500DEF5EB /* XcodeServerSample */,
				5241F61A2263D37600DEF5EB /* XcodeServerSampleTests */,
				5241F6252263D37600DEF5EB /* XcodeServerSampleUITests */,
			);
		};
/* End PBXProject section */

/* Begin PBXResourcesBuildPhase section */
		5241F6052263D37500DEF5EB /* Resources */ = {
			isa = PBXResourcesBuildPhase;
			buildActionMask = 2147483647;
			files = (
				5241F6152263D37600DEF5EB /* LaunchScreen.storyboard in Resources */,
				5241F6122263D37600DEF5EB /* Assets.xcassets in Resources */,
				5241F6102263D37500DEF5EB /* Main.storyboard in Resources */,
			);
			runOnlyForDeploymentPostprocessing = 0;
		};
		5241F6192263D37600DEF5EB /* Resources */ = {
			isa = PBXResourcesBuildPhase;
			buildActionMask = 2147483647;
			files = (
			);
			runOnlyForDeploymentPostprocessing = 0;
		};
		5241F6242263D37600DEF5EB /* Resources */ = {
			isa = PBXResourcesBuildPhase;
			buildActionMask = 2147483647;
			files = (
			);
			runOnlyForDeploymentPostprocessing = 0;
		};
/* End PBXResourcesBuildPhase section */

/* Begin PBXSourcesBuildPhase section */
		5241F6032263D37500DEF5EB /* Sources */ = {
			isa = PBXSourcesBuildPhase;
			buildActionMask = 2147483647;
			files = (
				5241F60D2263D37500DEF5EB /* ViewController.swift in Sources */,
				5241F60B2263D37500DEF5EB /* AppDelegate.swift in Sources */,
			);
			runOnlyForDeploymentPostprocessing = 0;
		};
		5241F6172263D37600DEF5EB /* Sources */ = {
			isa = PBXSourcesBuildPhase;
			buildActionMask = 2147483647;
			files = (
				5241F6202263D37600DEF5EB /* XcodeServerSampleTests.swift in Sources */,
			);
			runOnlyForDeploymentPostprocessing = 0;
		};
		5241F6222263D37600DEF5EB /* Sources */ = {
			isa = PBXSourcesBuildPhase;
			buildActionMask = 2147483647;
			files = (
				5241F62B2263D37600DEF5EB /* XcodeServerSampleUITests.swift in Sources */,
			);
			runOnlyForDeploymentPostprocessing = 0;
		};
/* End PBXSourcesBuildPhase section */

/* Begin PBXTargetDependency section */
		5241F61D2263D37600DEF5EB /* PBXTargetDependency */ = {
			isa = PBXTargetDependency;
			target = 5241F6062263D37500DEF5EB /* XcodeServerSample */;
			targetProxy = 5241F61C2263D37600DEF5EB /* PBXContainerItemProxy */;
		};
		5241F6282263D37600DEF5EB /* PBXTargetDependency */ = {
			isa = PBXTargetDependency;
			target = 5241F6062263D37500DEF5EB /* XcodeServerSample */;
			targetProxy = 5241F6272263D37600DEF5EB /* PBXContainerItemProxy */;
		};
/* End PBXTargetDependency section */

/* Begin PBXVariantGroup section */
		5241F60E2263D37500DEF5EB /* Main.storyboard */ = {
			isa = PBXVariantGroup;
			children = (
				5241F60F2263D37500DEF5EB /* Base */,
			);
			name = Main.storyboard;
			sourceTree = "<group>";
		};
		5241F6132263D37600DEF5EB /* LaunchScreen.storyboard */ = {
			isa = PBXVariantGroup;
			children = (
				5241F6142263D37600DEF5EB /* Base */,
			);
			name = LaunchScreen.storyboard;
			sourceTree = "<group>";
		};
/* End PBXVariantGroup section */

/* Begin XCBuildConfiguration section */
		5241F62D2263D37600DEF5EB /* Debug */ = {
			isa = XCBuildConfiguration;
			buildSettings = {
				ALWAYS_SEARCH_USER_PATHS = NO;
				CLANG_ANALYZER_NONNULL = YES;
				CLANG_ANALYZER_NUMBER_OBJECT_CONVERSION = YES_AGGRESSIVE;
				CLANG_CXX_LANGUAGE_STANDARD = "gnu++14";
				CLANG_CXX_LIBRARY = "libc++";
				CLANG_ENABLE_MODULES = YES;
				CLANG_ENABLE_OBJC_ARC = YES;
				CLANG_ENABLE_OBJC_WEAK = YES;
				CLANG_WARN_BLOCK_CAPTURE_AUTORELEASING = YES;
				CLANG_WARN_BOOL_CONVERSION = YES;
				CLANG_WARN_COMMA = YES;
				CLANG_WARN_CONSTANT_CONVERSION = YES;
				CLANG_WARN_DEPRECATED_OBJC_IMPLEMENTATIONS = YES;
				CLANG_WARN_DIRECT_OBJC_ISA_USAGE = YES_ERROR;
				CLANG_WARN_DOCUMENTATION_COMMENTS = YES;
				CLANG_WARN_EMPTY_BODY = YES;
				CLANG_WARN_ENUM_CONVERSION = YES;
				CLANG_WARN_INFINITE_RECURSION = YES;
				CLANG_WARN_INT_CONVERSION = YES;
				CLANG_WARN_NON_LITERAL_NULL_CONVERSION = YES;
				CLANG_WARN_OBJC_IMPLICIT_RETAIN_SELF = YES;
				CLANG_WARN_OBJC_LITERAL_CONVERSION = YES;
				CLANG_WARN_OBJC_ROOT_CLASS = YES_ERROR;
				CLANG_WARN_RANGE_LOOP_ANALYSIS = YES;
				CLANG_WARN_STRICT_PROTOTYPES = YES;
				CLANG_WARN_SUSPICIOUS_MOVE = YES;
				CLANG_WARN_UNGUARDED_AVAILABILITY = YES_AGGRESSIVE;
				CLANG_WARN_UNREACHABLE_CODE = YES;
				CLANG_WARN__DUPLICATE_METHOD_MATCH = YES;
				CODE_SIGN_IDENTITY = "iPhone Developer";
				COPY_PHASE_STRIP = NO;
				DEBUG_INFORMATION_FORMAT = dwarf;
				ENABLE_STRICT_OBJC_MSGSEND = YES;
				ENABLE_TESTABILITY = YES;
				GCC_C_LANGUAGE_STANDARD = gnu11;
				GCC_DYNAMIC_NO_PIC = NO;
				GCC_NO_COMMON_BLOCKS = YES;
				GCC_OPTIMIZATION_LEVEL = 0;
				GCC_PREPROCESSOR_DEFINITIONS = (
					"DEBUG=1",
					"$(inherited)",
				);
				GCC_WARN_64_TO_32_BIT_CONVERSION = YES;
				GCC_WARN_ABOUT_RETURN_TYPE = YES_ERROR;
				GCC_WARN_UNDECLARED_SELECTOR = YES;
				GCC_WARN_UNINITIALIZED_AUTOS = YES_AGGRESSIVE;
				GCC_WARN_UNUSED_FUNCTION = YES;
				GCC_WARN_UNUSED_VARIABLE = YES;
				IPHONEOS_DEPLOYMENT_TARGET = 12.2;
				MTL_ENABLE_DEBUG_INFO = INCLUDE_SOURCE;
				MTL_FAST_MATH = YES;
				ONLY_ACTIVE_ARCH = YES;
				SDKROOT = iphoneos;
				SWIFT_ACTIVE_COMPILATION_CONDITIONS = DEBUG;
				SWIFT_OPTIMIZATION_LEVEL = "-Onone";
			};
			name = Debug;
		};
		5241F62E2263D37600DEF5EB /* Release */ = {
			isa = XCBuildConfiguration;
			buildSettings = {
				ALWAYS_SEARCH_USER_PATHS = NO;
				CLANG_ANALYZER_NONNULL = YES;
				CLANG_ANALYZER_NUMBER_OBJECT_CONVERSION = YES_AGGRESSIVE;
				CLANG_CXX_LANGUAGE_STANDARD = "gnu++14";
				CLANG_CXX_LIBRARY = "libc++";
				CLANG_ENABLE_MODULES = YES;
				CLANG_ENABLE_OBJC_ARC = YES;
				CLANG_ENABLE_OBJC_WEAK = YES;
				CLANG_WARN_BLOCK_CAPTURE_AUTORELEASING = YES;
				CLANG_WARN_BOOL_CONVERSION = YES;
				CLANG_WARN_COMMA = YES;
				CLANG_WARN_CONSTANT_CONVERSION = YES;
				CLANG_WARN_DEPRECATED_OBJC_IMPLEMENTATIONS = YES;
				CLANG_WARN_DIRECT_OBJC_ISA_USAGE = YES_ERROR;
				CLANG_WARN_DOCUMENTATION_COMMENTS = YES;
				CLANG_WARN_EMPTY_BODY = YES;
				CLANG_WARN_ENUM_CONVERSION = YES;
				CLANG_WARN_INFINITE_RECURSION = YES;
				CLANG_WARN_INT_CONVERSION = YES;
				CLANG_WARN_NON_LITERAL_NULL_CONVERSION = YES;
				CLANG_WARN_OBJC_IMPLICIT_RETAIN_SELF = YES;
				CLANG_WARN_OBJC_LITERAL_CONVERSION = YES;
				CLANG_WARN_OBJC_ROOT_CLASS = YES_ERROR;
				CLANG_WARN_RANGE_LOOP_ANALYSIS = YES;
				CLANG_WARN_STRICT_PROTOTYPES = YES;
				CLANG_WARN_SUSPICIOUS_MOVE = YES;
				CLANG_WARN_UNGUARDED_AVAILABILITY = YES_AGGRESSIVE;
				CLANG_WARN_UNREACHABLE_CODE = YES;
				CLANG_WARN__DUPLICATE_METHOD_MATCH = YES;
				CODE_SIGN_IDENTITY = "iPhone Developer";
				COPY_PHASE_STRIP = NO;
				DEBUG_INFORMATION_FORMAT = "dwarf-with-dsym";
				ENABLE_NS_ASSERTIONS = NO;
				ENABLE_STRICT_OBJC_MSGSEND = YES;
				GCC_C_LANGUAGE_STANDARD = gnu11;
				GCC_NO_COMMON_BLOCKS = YES;
				GCC_WARN_64_TO_32_BIT_CONVERSION = YES;
				GCC_WARN_ABOUT_RETURN_TYPE = YES_ERROR;
				GCC_WARN_UNDECLARED_SELECTOR = YES;
				GCC_WARN_UNINITIALIZED_AUTOS = YES_AGGRESSIVE;
				GCC_WARN_UNUSED_FUNCTION = YES;
				GCC_WARN_UNUSED_VARIABLE = YES;
				IPHONEOS_DEPLOYMENT_TARGET = 12.2;
				MTL_ENABLE_DEBUG_INFO = NO;
				MTL_FAST_MATH = YES;
				SDKROOT = iphoneos;
				SWIFT_COMPILATION_MODE = wholemodule;
				SWIFT_OPTIMIZATION_LEVEL = "-O";
				VALIDATE_PRODUCT = YES;
			};
			name = Release;
		};
		5241F6302263D37600DEF5EB /* Debug */ = {
			isa = XCBuildConfiguration;
			buildSettings = {
				ASSETCATALOG_COMPILER_APPICON_NAME = AppIcon;
				CODE_SIGN_IDENTITY = "iPhone Developer";
				CODE_SIGN_STYLE = Automatic;
				DEVELOPMENT_TEAM = E4V7J37L4V;
				INFOPLIST_FILE = XcodeServerSample/Info.plist;
				IPHONEOS_DEPLOYMENT_TARGET = 11.0;
				LD_RUNPATH_SEARCH_PATHS = (
					"$(inherited)",
					"@executable_path/Frameworks",
				);
				PRODUCT_BUNDLE_IDENTIFIER = SpinCar;
				PRODUCT_NAME = "$(TARGET_NAME)";
				PROVISIONING_PROFILE_SPECIFIER = "";
				SWIFT_VERSION = 5.0;
				TARGETED_DEVICE_FAMILY = "1,2";
			};
			name = Debug;
		};
		5241F6312263D37600DEF5EB /* Release */ = {
			isa = XCBuildConfiguration;
			buildSettings = {
				ASSETCATALOG_COMPILER_APPICON_NAME = AppIcon;
				CODE_SIGN_IDENTITY = "iPhone Developer";
				CODE_SIGN_STYLE = Automatic;
				DEVELOPMENT_TEAM = E4V7J37L4V;
				INFOPLIST_FILE = XcodeServerSample/Info.plist;
				IPHONEOS_DEPLOYMENT_TARGET = 11.0;
				LD_RUNPATH_SEARCH_PATHS = (
					"$(inherited)",
					"@executable_path/Frameworks",
				);
				PRODUCT_BUNDLE_IDENTIFIER = SpinCar;
				PRODUCT_NAME = "$(TARGET_NAME)";
				PROVISIONING_PROFILE_SPECIFIER = "";
				SWIFT_VERSION = 5.0;
				TARGETED_DEVICE_FAMILY = "1,2";
			};
			name = Release;
		};
		5241F6332263D37600DEF5EB /* Debug */ = {
			isa = XCBuildConfiguration;
			buildSettings = {
				ALWAYS_EMBED_SWIFT_STANDARD_LIBRARIES = YES;
				BUNDLE_LOADER = "$(TEST_HOST)";
				CODE_SIGN_IDENTITY = "iPhone Developer";
				CODE_SIGN_STYLE = Automatic;
				DEVELOPMENT_TEAM = E4V7J37L4V;
				INFOPLIST_FILE = XcodeServerSampleTests/Info.plist;
				LD_RUNPATH_SEARCH_PATHS = (
					"$(inherited)",
					"@executable_path/Frameworks",
					"@loader_path/Frameworks",
				);
				PRODUCT_BUNDLE_IDENTIFIER = SpinCar;
				PRODUCT_NAME = "$(TARGET_NAME)";
				PROVISIONING_PROFILE_SPECIFIER = "";
				SWIFT_VERSION = 5.0;
				TARGETED_DEVICE_FAMILY = "1,2";
				TEST_HOST = "$(BUILT_PRODUCTS_DIR)/XcodeServerSample.app/XcodeServerSample";
			};
			name = Debug;
		};
		5241F6342263D37600DEF5EB /* Release */ = {
			isa = XCBuildConfiguration;
			buildSettings = {
				ALWAYS_EMBED_SWIFT_STANDARD_LIBRARIES = YES;
				BUNDLE_LOADER = "$(TEST_HOST)";
				CODE_SIGN_IDENTITY = "iPhone Developer";
				CODE_SIGN_STYLE = Automatic;
				DEVELOPMENT_TEAM = E4V7J37L4V;
				INFOPLIST_FILE = XcodeServerSampleTests/Info.plist;
				LD_RUNPATH_SEARCH_PATHS = (
					"$(inherited)",
					"@executable_path/Frameworks",
					"@loader_path/Frameworks",
				);
				PRODUCT_BUNDLE_IDENTIFIER = SpinCar;
				PRODUCT_NAME = "$(TARGET_NAME)";
				PROVISIONING_PROFILE_SPECIFIER = "";
				SWIFT_VERSION = 5.0;
				TARGETED_DEVICE_FAMILY = "1,2";
				TEST_HOST = "$(BUILT_PRODUCTS_DIR)/XcodeServerSample.app/XcodeServerSample";
			};
			name = Release;
		};
		5241F6362263D37600DEF5EB /* Debug */ = {
			isa = XCBuildConfiguration;
			buildSettings = {
				ALWAYS_EMBED_SWIFT_STANDARD_LIBRARIES = YES;
				CODE_SIGN_STYLE = Automatic;
				DEVELOPMENT_TEAM = E4V7J37L4V;
				INFOPLIST_FILE = XcodeServerSampleUITests/Info.plist;
				LD_RUNPATH_SEARCH_PATHS = (
					"$(inherited)",
					"@executable_path/Frameworks",
					"@loader_path/Frameworks",
				);
				PRODUCT_BUNDLE_IDENTIFIER = SpinCar;
				PRODUCT_NAME = "$(TARGET_NAME)";
				SWIFT_VERSION = 5.0;
				TARGETED_DEVICE_FAMILY = "1,2";
				TEST_TARGET_NAME = XcodeServerSample;
			};
			name = Debug;
		};
		5241F6372263D37600DEF5EB /* Release */ = {
			isa = XCBuildConfiguration;
			buildSettings = {
				ALWAYS_EMBED_SWIFT_STANDARD_LIBRARIES = YES;
				CODE_SIGN_STYLE = Automatic;
				DEVELOPMENT_TEAM = E4V7J37L4V;
				INFOPLIST_FILE = XcodeServerSampleUITests/Info.plist;
				LD_RUNPATH_SEARCH_PATHS = (
					"$(inherited)",
					"@executable_path/Frameworks",
					"@loader_path/Frameworks",
				);
				PRODUCT_BUNDLE_IDENTIFIER = SpinCar;
				PRODUCT_NAME = "$(TARGET_NAME)";
				SWIFT_VERSION = 5.0;
				TARGETED_DEVICE_FAMILY = "1,2";
				TEST_TARGET_NAME = XcodeServerSample;
			};
			name = Release;
		};
/* End XCBuildConfiguration section */

/* Begin XCConfigurationList section */
		5241F6022263D37500DEF5EB /* Build configuration list for PBXProject "XcodeServerSample" */ = {
			isa = XCConfigurationList;
			buildConfigurations = (
				5241F62D2263D37600DEF5EB /* Debug */,
				5241F62E2263D37600DEF5EB /* Release */,
			);
			defaultConfigurationIsVisible = 0;
			defaultConfigurationName = Release;
		};
		5241F62F2263D37600DEF5EB /* Build configuration list for PBXNativeTarget "XcodeServerSample" */ = {
			isa = XCConfigurationList;
			buildConfigurations = (
				5241F6302263D37600DEF5EB /* Debug */,
				5241F6312263D37600DEF5EB /* Release */,
			);
			defaultConfigurationIsVisible = 0;
			defaultConfigurationName = Release;
		};
		5241F6322263D37600DEF5EB /* Build configuration list for PBXNativeTarget "XcodeServerSampleTests" */ = {
			isa = XCConfigurationList;
			buildConfigurations = (
				5241F6332263D37600DEF5EB /* Debug */,
				5241F6342263D37600DEF5EB /* Release */,
			);
			defaultConfigurationIsVisible = 0;
			defaultConfigurationName = Release;
		};
		5241F6352263D37600DEF5EB /* Build configuration list for PBXNativeTarget "XcodeServerSampleUITests" */ = {
			isa = XCConfigurationList;
			buildConfigurations = (
				5241F6362263D37600DEF5EB /* Debug */,
				5241F6372263D37600DEF5EB /* Release */,
			);
			defaultConfigurationIsVisible = 0;
			defaultConfigurationName = Release;
		};
/* End XCConfigurationList section */
	};
	rootObject = 5241F5FF2263D37500DEF5EB /* Project object */;
}
